
Microsoft Visual Studio Solution File, Format Version 12.00
# Visual Studio 15
VisualStudioVersion = 15.0.28010.2050
MinimumVisualStudioVersion = 10.0.40219.1
Project("{FAE04EC0-301F-11D3-BF4B-00C04F79EFBC}") = "travel_web", "travel_web\travel_web.csproj", "{3A3AB6FF-65CC-4D29-8C21-EA264B96DA90}"
EndProject
Project("{FAE04EC0-301F-11D3-BF4B-00C04F79EFBC}") = "travel.BusinessLayer", "travel.BusinessLayer\travel.BusinessLayer.csproj", "{6038C682-A1D8-46C8-B035-8F436806D6C2}"
EndProject
Project("{FAE04EC0-301F-11D3-BF4B-00C04F79EFBC}") = "travel.DataAccessLayer", "travel.DataAccessLayer\travel.DataAccessLayer.csproj", "{88248B42-6A5C-4A40-B4F9-F48371DEB865}"
EndProject
Project("{FAE04EC0-301F-11D3-BF4B-00C04F79EFBC}") = "travel.Entities", "travel.Entities\travel.Entities.csproj", "{29093028-EAD8-4618-99B9-881B05E67829}"
EndProject
Project("{FAE04EC0-301F-11D3-BF4B-00C04F79EFBC}") = "travel_web.Common", "travel_web.Common\travel_web.Common.csproj", "{9D48D799-66DE-4672-A01D-CE8A19D6977E}"
EndProject
Global
	GlobalSection(SolutionConfigurationPlatforms) = preSolution
		Debug|Any CPU = Debug|Any CPU
		Debug|ARM = Debug|ARM
		Debug|ARM64 = Debug|ARM64
		Debug|x64 = Debug|x64
		Debug|x86 = Debug|x86
		Release|Any CPU = Release|Any CPU
		Release|ARM = Release|ARM
		Release|ARM64 = Release|ARM64
		Release|x64 = Release|x64
		Release|x86 = Release|x86
	EndGlobalSection
	GlobalSection(ProjectConfigurationPlatforms) = postSolution
		{3A3AB6FF-65CC-4D29-8C21-EA264B96DA90}.Debug|Any CPU.ActiveCfg = Debug|Any CPU
		{3A3AB6FF-65CC-4D29-8C21-EA264B96DA90}.Debug|Any CPU.Build.0 = Debug|Any CPU
		{3A3AB6FF-65CC-4D29-8C21-EA264B96DA90}.Debug|ARM.ActiveCfg = Debug|Any CPU
		{3A3AB6FF-65CC-4D29-8C21-EA264B96DA90}.Debug|ARM.Build.0 = Debug|Any CPU
		{3A3AB6FF-65CC-4D29-8C21-EA264B96DA90}.Debug|ARM64.ActiveCfg = Debug|Any CPU
		{3A3AB6FF-65CC-4D29-8C21-EA264B96DA90}.Debug|ARM64.Build.0 = Debug|Any CPU
		{3A3AB6FF-65CC-4D29-8C21-EA264B96DA90}.Debug|x64.ActiveCfg = Debug|Any CPU
		{3A3AB6FF-65CC-4D29-8C21-EA264B96DA90}.Debug|x64.Build.0 = Debug|Any CPU
		{3A3AB6FF-65CC-4D29-8C21-EA264B96DA90}.Debug|x86.ActiveCfg = Debug|Any CPU
		{3A3AB6FF-65CC-4D29-8C21-EA264B96DA90}.Debug|x86.Build.0 = Debug|Any CPU
		{3A3AB6FF-65CC-4D29-8C21-EA264B96DA90}.Release|Any CPU.ActiveCfg = Release|Any CPU
		{3A3AB6FF-65CC-4D29-8C21-EA264B96DA90}.Release|Any CPU.Build.0 = Release|Any CPU
		{3A3AB6FF-65CC-4D29-8C21-EA264B96DA90}.Release|ARM.ActiveCfg = Release|Any CPU
		{3A3AB6FF-65CC-4D29-8C21-EA264B96DA90}.Release|ARM.Build.0 = Release|Any CPU
		{3A3AB6FF-65CC-4D29-8C21-EA264B96DA90}.Release|ARM64.ActiveCfg = Release|Any CPU
		{3A3AB6FF-65CC-4D29-8C21-EA264B96DA90}.Release|ARM64.Build.0 = Release|Any CPU
		{3A3AB6FF-65CC-4D29-8C21-EA264B96DA90}.Release|x64.ActiveCfg = Release|Any CPU
		{3A3AB6FF-65CC-4D29-8C21-EA264B96DA90}.Release|x64.Build.0 = Release|Any CPU
		{3A3AB6FF-65CC-4D29-8C21-EA264B96DA90}.Release|x86.ActiveCfg = Release|Any CPU
		{3A3AB6FF-65CC-4D29-8C21-EA264B96DA90}.Release|x86.Build.0 = Release|Any CPU
		{6038C682-A1D8-46C8-B035-8F436806D6C2}.Debug|Any CPU.ActiveCfg = Debug|Any CPU
		{6038C682-A1D8-46C8-B035-8F436806D6C2}.Debug|Any CPU.Build.0 = Debug|Any CPU
		{6038C682-A1D8-46C8-B035-8F436806D6C2}.Debug|ARM.ActiveCfg = Debug|Any CPU
		{6038C682-A1D8-46C8-B035-8F436806D6C2}.Debug|ARM.Build.0 = Debug|Any CPU
		{6038C682-A1D8-46C8-B035-8F436806D6C2}.Debug|ARM64.ActiveCfg = Debug|Any CPU
		{6038C682-A1D8-46C8-B035-8F436806D6C2}.Debug|ARM64.Build.0 = Debug|Any CPU
		{6038C682-A1D8-46C8-B035-8F436806D6C2}.Debug|x64.ActiveCfg = Debug|Any CPU
		{6038C682-A1D8-46C8-B035-8F436806D6C2}.Debug|x64.Build.0 = Debug|Any CPU
		{6038C682-A1D8-46C8-B035-8F436806D6C2}.Debug|x86.ActiveCfg = Debug|Any CPU
		{6038C682-A1D8-46C8-B035-8F436806D6C2}.Debug|x86.Build.0 = Debug|Any CPU
		{6038C682-A1D8-46C8-B035-8F436806D6C2}.Release|Any CPU.ActiveCfg = Release|Any CPU
		{6038C682-A1D8-46C8-B035-8F436806D6C2}.Release|Any CPU.Build.0 = Release|Any CPU
		{6038C682-A1D8-46C8-B035-8F436806D6C2}.Release|ARM.ActiveCfg = Release|Any CPU
		{6038C682-A1D8-46C8-B035-8F436806D6C2}.Release|ARM.Build.0 = Release|Any CPU
		{6038C682-A1D8-46C8-B035-8F436806D6C2}.Release|ARM64.ActiveCfg = Release|Any CPU
		{6038C682-A1D8-46C8-B035-8F436806D6C2}.Release|ARM64.Build.0 = Release|Any CPU
		{6038C682-A1D8-46C8-B035-8F436806D6C2}.Release|x64.ActiveCfg = Release|Any CPU
		{6038C682-A1D8-46C8-B035-8F436806D6C2}.Release|x64.Build.0 = Release|Any CPU
		{6038C682-A1D8-46C8-B035-8F436806D6C2}.Release|x86.ActiveCfg = Release|Any CPU
		{6038C682-A1D8-46C8-B035-8F436806D6C2}.Release|x86.Build.0 = Release|Any CPU
		{88248B42-6A5C-4A40-B4F9-F48371DEB865}.Debug|Any CPU.ActiveCfg = Debug|Any CPU
		{88248B42-6A5C-4A40-B4F9-F48371DEB865}.Debug|Any CPU.Build.0 = Debug|Any CPU
		{88248B42-6A5C-4A40-B4F9-F48371DEB865}.Debug|ARM.ActiveCfg = Debug|Any CPU
		{88248B42-6A5C-4A40-B4F9-F48371DEB865}.Debug|ARM.Build.0 = Debug|Any CPU
		{88248B42-6A5C-4A40-B4F9-F48371DEB865}.Debug|ARM64.ActiveCfg = Debug|Any CPU
		{88248B42-6A5C-4A40-B4F9-F48371DEB865}.Debug|ARM64.Build.0 = Debug|Any CPU
		{88248B42-6A5C-4A40-B4F9-F48371DEB865}.Debug|x64.ActiveCfg = Debug|Any CPU
		{88248B42-6A5C-4A40-B4F9-F48371DEB865}.Debug|x64.Build.0 = Debug|Any CPU
		{88248B42-6A5C-4A40-B4F9-F48371DEB865}.Debug|x86.ActiveCfg = Debug|Any CPU
		{88248B42-6A5C-4A40-B4F9-F48371DEB865}.Debug|x86.Build.0 = Debug|Any CPU
		{88248B42-6A5C-4A40-B4F9-F48371DEB865}.Release|Any CPU.ActiveCfg = Release|Any CPU
		{88248B42-6A5C-4A40-B4F9-F48371DEB865}.Release|Any CPU.Build.0 = Release|Any CPU
		{88248B42-6A5C-4A40-B4F9-F48371DEB865}.Release|ARM.ActiveCfg = Release|Any CPU
		{88248B42-6A5C-4A40-B4F9-F48371DEB865}.Release|ARM.Build.0 = Release|Any CPU
		{88248B42-6A5C-4A40-B4F9-F48371DEB865}.Release|ARM64.ActiveCfg = Release|Any CPU
		{88248B42-6A5C-4A40-B4F9-F48371DEB865}.Release|ARM64.Build.0 = Release|Any CPU
		{88248B42-6A5C-4A40-B4F9-F48371DEB865}.Release|x64.ActiveCfg = Release|Any CPU
		{88248B42-6A5C-4A40-B4F9-F48371DEB865}.Release|x64.Build.0 = Release|Any CPU
		{88248B42-6A5C-4A40-B4F9-F48371DEB865}.Release|x86.ActiveCfg = Release|Any CPU
		{88248B42-6A5C-4A40-B4F9-F48371DEB865}.Release|x86.Build.0 = Release|Any CPU
		{29093028-EAD8-4618-99B9-881B05E67829}.Debug|Any CPU.ActiveCfg = Debug|Any CPU
		{29093028-EAD8-4618-99B9-881B05E67829}.Debug|Any CPU.Build.0 = Debug|Any CPU
		{29093028-EAD8-4618-99B9-881B05E67829}.Debug|ARM.ActiveCfg = Debug|Any CPU
		{29093028-EAD8-4618-99B9-881B05E67829}.Debug|ARM.Build.0 = Debug|Any CPU
		{29093028-EAD8-4618-99B9-881B05E67829}.Debug|ARM64.ActiveCfg = Debug|Any CPU
		{29093028-EAD8-4618-99B9-881B05E67829}.Debug|ARM64.Build.0 = Debug|Any CPU
		{29093028-EAD8-4618-99B9-881B05E67829}.Debug|x64.ActiveCfg = Debug|Any CPU
		{29093028-EAD8-4618-99B9-881B05E67829}.Debug|x64.Build.0 = Debug|Any CPU
		{29093028-EAD8-4618-99B9-881B05E67829}.Debug|x86.ActiveCfg = Debug|Any CPU
		{29093028-EAD8-4618-99B9-881B05E67829}.Debug|x86.Build.0 = Debug|Any CPU
		{29093028-EAD8-4618-99B9-881B05E67829}.Release|Any CPU.ActiveCfg = Release|Any CPU
		{29093028-EAD8-4618-99B9-881B05E67829}.Release|Any CPU.Build.0 = Release|Any CPU
		{29093028-EAD8-4618-99B9-881B05E67829}.Release|ARM.ActiveCfg = Release|Any CPU
		{29093028-EAD8-4618-99B9-881B05E67829}.Release|ARM.Build.0 = Release|Any CPU
		{29093028-EAD8-4618-99B9-881B05E67829}.Release|ARM64.ActiveCfg = Release|Any CPU
		{29093028-EAD8-4618-99B9-881B05E67829}.Release|ARM64.Build.0 = Release|Any CPU
		{29093028-EAD8-4618-99B9-881B05E67829}.Release|x64.ActiveCfg = Release|Any CPU
		{29093028-EAD8-4618-99B9-881B05E67829}.Release|x64.Build.0 = Release|Any CPU
		{29093028-EAD8-4618-99B9-881B05E67829}.Release|x86.ActiveCfg = Release|Any CPU
		{29093028-EAD8-4618-99B9-881B05E67829}.Release|x86.Build.0 = Release|Any CPU
		{9D48D799-66DE-4672-A01D-CE8A19D6977E}.Debug|Any CPU.ActiveCfg = Debug|Any CPU
		{9D48D799-66DE-4672-A01D-CE8A19D6977E}.Debug|Any CPU.Build.0 = Debug|Any CPU
		{9D48D799-66DE-4672-A01D-CE8A19D6977E}.Debug|ARM.ActiveCfg = Debug|Any CPU
		{9D48D799-66DE-4672-A01D-CE8A19D6977E}.Debug|ARM.Build.0 = Debug|Any CPU
		{9D48D799-66DE-4672-A01D-CE8A19D6977E}.Debug|ARM64.ActiveCfg = Debug|Any CPU
		{9D48D799-66DE-4672-A01D-CE8A19D6977E}.Debug|ARM64.Build.0 = Debug|Any CPU
		{9D48D799-66DE-4672-A01D-CE8A19D6977E}.Debug|x64.ActiveCfg = Debug|Any CPU
		{9D48D799-66DE-4672-A01D-CE8A19D6977E}.Debug|x64.Build.0 = Debug|Any CPU
		{9D48D799-66DE-4672-A01D-CE8A19D6977E}.Debug|x86.ActiveCfg = Debug|Any CPU
		{9D48D799-66DE-4672-A01D-CE8A19D6977E}.Debug|x86.Build.0 = Debug|Any CPU
		{9D48D799-66DE-4672-A01D-CE8A19D6977E}.Release|Any CPU.ActiveCfg = Release|Any CPU
		{9D48D799-66DE-4672-A01D-CE8A19D6977E}.Release|Any CPU.Build.0 = Release|Any CPU
		{9D48D799-66DE-4672-A01D-CE8A19D6977E}.Release|ARM.ActiveCfg = Release|Any CPU
		{9D48D799-66DE-4672-A01D-CE8A19D6977E}.Release|ARM.Build.0 = Release|Any CPU
		{9D48D799-66DE-4672-A01D-CE8A19D6977E}.Release|ARM64.ActiveCfg = Release|Any CPU
		{9D48D799-66DE-4672-A01D-CE8A19D6977E}.Release|ARM64.Build.0 = Release|Any CPU
		{9D48D799-66DE-4672-A01D-CE8A19D6977E}.Release|x64.ActiveCfg = Release|Any CPU
		{9D48D799-66DE-4672-A01D-CE8A19D6977E}.Release|x64.Build.0 = Release|Any CPU
		{9D48D799-66DE-4672-A01D-CE8A19D6977E}.Release|x86.ActiveCfg = Release|Any CPU
		{9D48D799-66DE-4672-A01D-CE8A19D6977E}.Release|x86.Build.0 = Release|Any CPU
	EndGlobalSection
	GlobalSection(SolutionProperties) = preSolution
		HideSolutionNode = FALSE
	EndGlobalSection
	GlobalSection(ExtensibilityGlobals) = postSolution
		SolutionGuid = {73B3239F-3E16-4319-A4E5-07A04C4C7E92}
	EndGlobalSection
EndGlobal
